
Microsoft Visual Studio Solution File, Format Version 12.00
# Visual Studio Version 16
VisualStudioVersion = 16.0.32106.194
MinimumVisualStudioVersion = 10.0.40219.1
Project("{FAE04EC0-301F-11D3-BF4B-00C04F79EFBC}") = "DAL", "DAL\DAL.csproj", "{1AE12AB0-AAC1-4710-A976-624BB28D98FA}"
EndProject
Project("{FAE04EC0-301F-11D3-BF4B-00C04F79EFBC}") = "DTO", "DTO\DTO.csproj", "{74EB8072-3BFD-4898-B21B-DFA67CC42334}"
EndProject
Project("{FAE04EC0-301F-11D3-BF4B-00C04F79EFBC}") = "BLL", "BLL\BLL.csproj", "{64A5543A-AC3E-49DF-A2BB-76557AC915DC}"
EndProject
Project("{FAE04EC0-301F-11D3-BF4B-00C04F79EFBC}") = "WebApi", "WebApi\WebApi.csproj", "{DD51FF05-E694-45FE-9349-51CB96A9209C}"
EndProject
Global
	GlobalSection(SolutionConfigurationPlatforms) = preSolution
		Debug|Any CPU = Debug|Any CPU
		Release|Any CPU = Release|Any CPU
	EndGlobalSection
	GlobalSection(ProjectConfigurationPlatforms) = postSolution
		{1AE12AB0-AAC1-4710-A976-624BB28D98FA}.Debug|Any CPU.ActiveCfg = Debug|Any CPU
		{1AE12AB0-AAC1-4710-A976-624BB28D98FA}.Debug|Any CPU.Build.0 = Debug|Any CPU
		{1AE12AB0-AAC1-4710-A976-624BB28D98FA}.Release|Any CPU.ActiveCfg = Release|Any CPU
		{1AE12AB0-AAC1-4710-A976-624BB28D98FA}.Release|Any CPU.Build.0 = Release|Any CPU
		{74EB8072-3BFD-4898-B21B-DFA67CC42334}.Debug|Any CPU.ActiveCfg = Debug|Any CPU
		{74EB8072-3BFD-4898-B21B-DFA67CC42334}.Debug|Any CPU.Build.0 = Debug|Any CPU
		{74EB8072-3BFD-4898-B21B-DFA67CC42334}.Release|Any CPU.ActiveCfg = Release|Any CPU
		{74EB8072-3BFD-4898-B21B-DFA67CC42334}.Release|Any CPU.Build.0 = Release|Any CPU
		{64A5543A-AC3E-49DF-A2BB-76557AC915DC}.Debug|Any CPU.ActiveCfg = Debug|Any CPU
		{64A5543A-AC3E-49DF-A2BB-76557AC915DC}.Debug|Any CPU.Build.0 = Debug|Any CPU
		{64A5543A-AC3E-49DF-A2BB-76557AC915DC}.Release|Any CPU.ActiveCfg = Release|Any CPU
		{64A5543A-AC3E-49DF-A2BB-76557AC915DC}.Release|Any CPU.Build.0 = Release|Any CPU
		{DD51FF05-E694-45FE-9349-51CB96A9209C}.Debug|Any CPU.ActiveCfg = Debug|Any CPU
		{DD51FF05-E694-45FE-9349-51CB96A9209C}.Debug|Any CPU.Build.0 = Debug|Any CPU
		{DD51FF05-E694-45FE-9349-51CB96A9209C}.Release|Any CPU.ActiveCfg = Release|Any CPU
		{DD51FF05-E694-45FE-9349-51CB96A9209C}.Release|Any CPU.Build.0 = Release|Any CPU
	EndGlobalSection
	GlobalSection(SolutionProperties) = preSolution
		HideSolutionNode = FALSE
	EndGlobalSection
	GlobalSection(ExtensibilityGlobals) = postSolution
		SolutionGuid = {7F2C6802-6F2D-4311-83D6-5FEC04FC5A99}
	EndGlobalSection
EndGlobal
